// !$*UTF8*$!
{
	archiveVersion = 1;
	classes = {
	};
	objectVersion = 56;
	objects = {

/* Begin PBXBuildFile section */
		7A51EE3429131DF90004B16A /* PostRow.swift in Sources */ = {isa = PBXBuildFile; fileRef = 7A51EE3329131DF90004B16A /* PostRow.swift */; };
		7A51EE3629132CB30004B16A /* HighlightedPostRow.swift in Sources */ = {isa = PBXBuildFile; fileRef = 7A51EE3529132CB30004B16A /* HighlightedPostRow.swift */; };
		7A51EE392913338A0004B16A /* HighlightablePost.swift in Sources */ = {isa = PBXBuildFile; fileRef = 7A51EE382913338A0004B16A /* HighlightablePost.swift */; };
		7A51EE3B2919A4A70004B16A /* NewPostForm.swift in Sources */ = {isa = PBXBuildFile; fileRef = 7A51EE3A2919A4A70004B16A /* NewPostForm.swift */; };
		7A51EE3D291C5F980004B16A /* PostsViewModel.swift in Sources */ = {isa = PBXBuildFile; fileRef = 7A51EE3C291C5F980004B16A /* PostsViewModel.swift */; };
		7A51EE40291DB3E00004B16A /* PostsRepository.swift in Sources */ = {isa = PBXBuildFile; fileRef = 7A51EE3F291DB3E00004B16A /* PostsRepository.swift */; };
		7ADF8E9429131986002BDAE7 /* Post.swift in Sources */ = {isa = PBXBuildFile; fileRef = 7ADF8E9329131986002BDAE7 /* Post.swift */; };
		7ADF8E9629131AAB002BDAE7 /* PostsList.swift in Sources */ = {isa = PBXBuildFile; fileRef = 7ADF8E9529131AAB002BDAE7 /* PostsList.swift */; };
		7AE36C4D29117BA200F6F989 /* SocialcademyApp.swift in Sources */ = {isa = PBXBuildFile; fileRef = 7AE36C4C29117BA200F6F989 /* SocialcademyApp.swift */; };
		7AE36C5129117BA300F6F989 /* Assets.xcassets in Resources */ = {isa = PBXBuildFile; fileRef = 7AE36C5029117BA300F6F989 /* Assets.xcassets */; };
		7AE36C5429117BA300F6F989 /* Preview Assets.xcassets in Resources */ = {isa = PBXBuildFile; fileRef = 7AE36C5329117BA300F6F989 /* Preview Assets.xcassets */; };
		7AE36C5E29117BA300F6F989 /* SocialcademyTests.swift in Sources */ = {isa = PBXBuildFile; fileRef = 7AE36C5D29117BA300F6F989 /* SocialcademyTests.swift */; };
		7AE36C6829117BA300F6F989 /* SocialcademyUITests.swift in Sources */ = {isa = PBXBuildFile; fileRef = 7AE36C6729117BA300F6F989 /* SocialcademyUITests.swift */; };
		7AE36C6A29117BA300F6F989 /* SocialcademyUITestsLaunchTests.swift in Sources */ = {isa = PBXBuildFile; fileRef = 7AE36C6929117BA300F6F989 /* SocialcademyUITestsLaunchTests.swift */; };
		7AE36C7829117D2400F6F989 /* FirebaseAnalytics in Frameworks */ = {isa = PBXBuildFile; productRef = 7AE36C7729117D2400F6F989 /* FirebaseAnalytics */; };
		7AE36C7A29117D2400F6F989 /* FirebaseFirestore in Frameworks */ = {isa = PBXBuildFile; productRef = 7AE36C7929117D2400F6F989 /* FirebaseFirestore */; };
		7AE36C7C29117D2400F6F989 /* FirebaseFirestoreSwift in Frameworks */ = {isa = PBXBuildFile; productRef = 7AE36C7B29117D2400F6F989 /* FirebaseFirestoreSwift */; };
		7AE36C7E2911806400F6F989 /* GoogleService-Info.plist in Resources */ = {isa = PBXBuildFile; fileRef = 7AE36C7D2911806400F6F989 /* GoogleService-Info.plist */; };
		7AE36C7F2911806400F6F989 /* GoogleService-Info.plist in Resources */ = {isa = PBXBuildFile; fileRef = 7AE36C7D2911806400F6F989 /* GoogleService-Info.plist */; };
		7AE36C802911806400F6F989 /* GoogleService-Info.plist in Resources */ = {isa = PBXBuildFile; fileRef = 7AE36C7D2911806400F6F989 /* GoogleService-Info.plist */; };
/* End PBXBuildFile section */

/* Begin PBXContainerItemProxy section */
		7AE36C5A29117BA300F6F989 /* PBXContainerItemProxy */ = {
			isa = PBXContainerItemProxy;
			containerPortal = 7AE36C4129117BA200F6F989 /* Project object */;
			proxyType = 1;
			remoteGlobalIDString = 7AE36C4829117BA200F6F989;
			remoteInfo = Socialcademy;
		};
		7AE36C6429117BA300F6F989 /* PBXContainerItemProxy */ = {
			isa = PBXContainerItemProxy;
			containerPortal = 7AE36C4129117BA200F6F989 /* Project object */;
			proxyType = 1;
			remoteGlobalIDString = 7AE36C4829117BA200F6F989;
			remoteInfo = Socialcademy;
		};
/* End PBXContainerItemProxy section */

/* Begin PBXFileReference section */
		7A51EE3329131DF90004B16A /* PostRow.swift */ = {isa = PBXFileReference; lastKnownFileType = sourcecode.swift; path = PostRow.swift; sourceTree = "<group>"; };
		7A51EE3529132CB30004B16A /* HighlightedPostRow.swift */ = {isa = PBXFileReference; lastKnownFileType = sourcecode.swift; path = HighlightedPostRow.swift; sourceTree = "<group>"; };
		7A51EE382913338A0004B16A /* HighlightablePost.swift */ = {isa = PBXFileReference; lastKnownFileType = sourcecode.swift; path = HighlightablePost.swift; sourceTree = "<group>"; };
		7A51EE3A2919A4A70004B16A /* NewPostForm.swift */ = {isa = PBXFileReference; lastKnownFileType = sourcecode.swift; path = NewPostForm.swift; sourceTree = "<group>"; };
		7A51EE3C291C5F980004B16A /* PostsViewModel.swift */ = {isa = PBXFileReference; lastKnownFileType = sourcecode.swift; path = PostsViewModel.swift; sourceTree = "<group>"; };
		7A51EE3F291DB3E00004B16A /* PostsRepository.swift */ = {isa = PBXFileReference; lastKnownFileType = sourcecode.swift; path = PostsRepository.swift; sourceTree = "<group>"; };
		7ADF8E9329131986002BDAE7 /* Post.swift */ = {isa = PBXFileReference; lastKnownFileType = sourcecode.swift; path = Post.swift; sourceTree = "<group>"; };
		7ADF8E9529131AAB002BDAE7 /* PostsList.swift */ = {isa = PBXFileReference; lastKnownFileType = sourcecode.swift; path = PostsList.swift; sourceTree = "<group>"; };
		7AE36C4929117BA200F6F989 /* Socialcademy.app */ = {isa = PBXFileReference; explicitFileType = wrapper.application; includeInIndex = 0; path = Socialcademy.app; sourceTree = BUILT_PRODUCTS_DIR; };
		7AE36C4C29117BA200F6F989 /* SocialcademyApp.swift */ = {isa = PBXFileReference; lastKnownFileType = sourcecode.swift; path = SocialcademyApp.swift; sourceTree = "<group>"; };
		7AE36C5029117BA300F6F989 /* Assets.xcassets */ = {isa = PBXFileReference; lastKnownFileType = folder.assetcatalog; path = Assets.xcassets; sourceTree = "<group>"; };
		7AE36C5329117BA300F6F989 /* Preview Assets.xcassets */ = {isa = PBXFileReference; lastKnownFileType = folder.assetcatalog; path = "Preview Assets.xcassets"; sourceTree = "<group>"; };
		7AE36C5929117BA300F6F989 /* SocialcademyTests.xctest */ = {isa = PBXFileReference; explicitFileType = wrapper.cfbundle; includeInIndex = 0; path = SocialcademyTests.xctest; sourceTree = BUILT_PRODUCTS_DIR; };
		7AE36C5D29117BA300F6F989 /* SocialcademyTests.swift */ = {isa = PBXFileReference; lastKnownFileType = sourcecode.swift; path = SocialcademyTests.swift; sourceTree = "<group>"; };
		7AE36C6329117BA300F6F989 /* SocialcademyUITests.xctest */ = {isa = PBXFileReference; explicitFileType = wrapper.cfbundle; includeInIndex = 0; path = SocialcademyUITests.xctest; sourceTree = BUILT_PRODUCTS_DIR; };
		7AE36C6729117BA300F6F989 /* SocialcademyUITests.swift */ = {isa = PBXFileReference; lastKnownFileType = sourcecode.swift; path = SocialcademyUITests.swift; sourceTree = "<group>"; };
		7AE36C6929117BA300F6F989 /* SocialcademyUITestsLaunchTests.swift */ = {isa = PBXFileReference; lastKnownFileType = sourcecode.swift; path = SocialcademyUITestsLaunchTests.swift; sourceTree = "<group>"; };
		7AE36C7D2911806400F6F989 /* GoogleService-Info.plist */ = {isa = PBXFileReference; fileEncoding = 4; lastKnownFileType = text.plist.xml; path = "GoogleService-Info.plist"; sourceTree = "<group>"; };
/* End PBXFileReference section */

/* Begin PBXFrameworksBuildPhase section */
		7AE36C4629117BA200F6F989 /* Frameworks */ = {
			isa = PBXFrameworksBuildPhase;
			buildActionMask = 2147483647;
			files = (
				7AE36C7829117D2400F6F989 /* FirebaseAnalytics in Frameworks */,
				7AE36C7A29117D2400F6F989 /* FirebaseFirestore in Frameworks */,
				7AE36C7C29117D2400F6F989 /* FirebaseFirestoreSwift in Frameworks */,
			);
			runOnlyForDeploymentPostprocessing = 0;
		};
		7AE36C5629117BA300F6F989 /* Frameworks */ = {
			isa = PBXFrameworksBuildPhase;
			buildActionMask = 2147483647;
			files = (
			);
			runOnlyForDeploymentPostprocessing = 0;
		};
		7AE36C6029117BA300F6F989 /* Frameworks */ = {
			isa = PBXFrameworksBuildPhase;
			buildActionMask = 2147483647;
			files = (
			);
			runOnlyForDeploymentPostprocessing = 0;
		};
/* End PBXFrameworksBuildPhase section */

/* Begin PBXGroup section */
		7A51EE37291333500004B16A /* ViewModels */ = {
			isa = PBXGroup;
			children = (
				7A51EE382913338A0004B16A /* HighlightablePost.swift */,
				7A51EE3C291C5F980004B16A /* PostsViewModel.swift */,
			);
			path = ViewModels;
			sourceTree = "<group>";
		};
		7A51EE3E291DB3C20004B16A /* Repositories */ = {
			isa = PBXGroup;
			children = (
				7A51EE3F291DB3E00004B16A /* PostsRepository.swift */,
			);
			path = Repositories;
			sourceTree = "<group>";
		};
		7ADF8E9029118505002BDAE7 /* Resource */ = {
			isa = PBXGroup;
			children = (
				7AE36C5229117BA300F6F989 /* Preview Content */,
				7AE36C5029117BA300F6F989 /* Assets.xcassets */,
				7AE36C7D2911806400F6F989 /* GoogleService-Info.plist */,
			);
			path = Resource;
			sourceTree = "<group>";
		};
		7ADF8E9129118553002BDAE7 /* Views */ = {
			isa = PBXGroup;
			children = (
				7ADF8E9529131AAB002BDAE7 /* PostsList.swift */,
				7A51EE3329131DF90004B16A /* PostRow.swift */,
				7A51EE3529132CB30004B16A /* HighlightedPostRow.swift */,
				7A51EE3A2919A4A70004B16A /* NewPostForm.swift */,
			);
			path = Views;
			sourceTree = "<group>";
		};
		7ADF8E922913195A002BDAE7 /* Models */ = {
			isa = PBXGroup;
			children = (
				7ADF8E9329131986002BDAE7 /* Post.swift */,
			);
			path = Models;
			sourceTree = "<group>";
		};
		7AE36C4029117BA200F6F989 = {
			isa = PBXGroup;
			children = (
				7AE36C4B29117BA200F6F989 /* Socialcademy */,
				7AE36C5C29117BA300F6F989 /* SocialcademyTests */,
				7AE36C6629117BA300F6F989 /* SocialcademyUITests */,
				7AE36C4A29117BA200F6F989 /* Products */,
			);
			sourceTree = "<group>";
		};
		7AE36C4A29117BA200F6F989 /* Products */ = {
			isa = PBXGroup;
			children = (
				7AE36C4929117BA200F6F989 /* Socialcademy.app */,
				7AE36C5929117BA300F6F989 /* SocialcademyTests.xctest */,
				7AE36C6329117BA300F6F989 /* SocialcademyUITests.xctest */,
			);
			name = Products;
			sourceTree = "<group>";
		};
		7AE36C4B29117BA200F6F989 /* Socialcademy */ = {
			isa = PBXGroup;
			children = (
				7A51EE3E291DB3C20004B16A /* Repositories */,
				7AE36C4C29117BA200F6F989 /* SocialcademyApp.swift */,
				7A51EE37291333500004B16A /* ViewModels */,
				7ADF8E922913195A002BDAE7 /* Models */,
				7ADF8E9129118553002BDAE7 /* Views */,
				7ADF8E9029118505002BDAE7 /* Resource */,
			);
			path = Socialcademy;
			sourceTree = "<group>";
		};
		7AE36C5229117BA300F6F989 /* Preview Content */ = {
			isa = PBXGroup;
			children = (
				7AE36C5329117BA300F6F989 /* Preview Assets.xcassets */,
			);
			path = "Preview Content";
			sourceTree = "<group>";
		};
		7AE36C5C29117BA300F6F989 /* SocialcademyTests */ = {
			isa = PBXGroup;
			children = (
				7AE36C5D29117BA300F6F989 /* SocialcademyTests.swift */,
			);
			path = SocialcademyTests;
			sourceTree = "<group>";
		};
		7AE36C6629117BA300F6F989 /* SocialcademyUITests */ = {
			isa = PBXGroup;
			children = (
				7AE36C6729117BA300F6F989 /* SocialcademyUITests.swift */,
				7AE36C6929117BA300F6F989 /* SocialcademyUITestsLaunchTests.swift */,
			);
			path = SocialcademyUITests;
			sourceTree = "<group>";
		};
/* End PBXGroup section */

/* Begin PBXNativeTarget section */
		7AE36C4829117BA200F6F989 /* Socialcademy */ = {
			isa = PBXNativeTarget;
			buildConfigurationList = 7AE36C6D29117BA300F6F989 /* Build configuration list for PBXNativeTarget "Socialcademy" */;
			buildPhases = (
				7AE36C4529117BA200F6F989 /* Sources */,
				7AE36C4629117BA200F6F989 /* Frameworks */,
				7AE36C4729117BA200F6F989 /* Resources */,
			);
			buildRules = (
			);
			dependencies = (
			);
			name = Socialcademy;
			packageProductDependencies = (
				7AE36C7729117D2400F6F989 /* FirebaseAnalytics */,
				7AE36C7929117D2400F6F989 /* FirebaseFirestore */,
				7AE36C7B29117D2400F6F989 /* FirebaseFirestoreSwift */,
			);
			productName = Socialcademy;
			productReference = 7AE36C4929117BA200F6F989 /* Socialcademy.app */;
			productType = "com.apple.product-type.application";
		};
		7AE36C5829117BA300F6F989 /* SocialcademyTests */ = {
			isa = PBXNativeTarget;
			buildConfigurationList = 7AE36C7029117BA300F6F989 /* Build configuration list for PBXNativeTarget "SocialcademyTests" */;
			buildPhases = (
				7AE36C5529117BA300F6F989 /* Sources */,
				7AE36C5629117BA300F6F989 /* Frameworks */,
				7AE36C5729117BA300F6F989 /* Resources */,
			);
			buildRules = (
			);
			dependencies = (
				7AE36C5B29117BA300F6F989 /* PBXTargetDependency */,
			);
			name = SocialcademyTests;
			productName = SocialcademyTests;
			productReference = 7AE36C5929117BA300F6F989 /* SocialcademyTests.xctest */;
			productType = "com.apple.product-type.bundle.unit-test";
		};
		7AE36C6229117BA300F6F989 /* SocialcademyUITests */ = {
			isa = PBXNativeTarget;
			buildConfigurationList = 7AE36C7329117BA300F6F989 /* Build configuration list for PBXNativeTarget "SocialcademyUITests" */;
			buildPhases = (
				7AE36C5F29117BA300F6F989 /* Sources */,
				7AE36C6029117BA300F6F989 /* Frameworks */,
				7AE36C6129117BA300F6F989 /* Resources */,
			);
			buildRules = (
			);
			dependencies = (
				7AE36C6529117BA300F6F989 /* PBXTargetDependency */,
			);
			name = SocialcademyUITests;
			productName = SocialcademyUITests;
			productReference = 7AE36C6329117BA300F6F989 /* SocialcademyUITests.xctest */;
			productType = "com.apple.product-type.bundle.ui-testing";
		};
/* End PBXNativeTarget section */

/* Begin PBXProject section */
		7AE36C4129117BA200F6F989 /* Project object */ = {
			isa = PBXProject;
			attributes = {
				BuildIndependentTargetsInParallel = 1;
				LastSwiftUpdateCheck = 1400;
				LastUpgradeCheck = 1400;
				TargetAttributes = {
					7AE36C4829117BA200F6F989 = {
						CreatedOnToolsVersion = 14.0;
					};
					7AE36C5829117BA300F6F989 = {
						CreatedOnToolsVersion = 14.0;
						TestTargetID = 7AE36C4829117BA200F6F989;
					};
					7AE36C6229117BA300F6F989 = {
						CreatedOnToolsVersion = 14.0;
						TestTargetID = 7AE36C4829117BA200F6F989;
					};
				};
			};
			buildConfigurationList = 7AE36C4429117BA200F6F989 /* Build configuration list for PBXProject "Socialcademy" */;
			compatibilityVersion = "Xcode 14.0";
			developmentRegion = en;
			hasScannedForEncodings = 0;
			knownRegions = (
				en,
				Base,
			);
			mainGroup = 7AE36C4029117BA200F6F989;
			packageReferences = (
				7AE36C7629117D2400F6F989 /* XCRemoteSwiftPackageReference "firebase-ios-sdk" */,
			);
			productRefGroup = 7AE36C4A29117BA200F6F989 /* Products */;
			projectDirPath = "";
			projectRoot = "";
			targets = (
				7AE36C4829117BA200F6F989 /* Socialcademy */,
				7AE36C5829117BA300F6F989 /* SocialcademyTests */,
				7AE36C6229117BA300F6F989 /* SocialcademyUITests */,
			);
		};
/* End PBXProject section */

/* Begin PBXResourcesBuildPhase section */
		7AE36C4729117BA200F6F989 /* Resources */ = {
			isa = PBXResourcesBuildPhase;
			buildActionMask = 2147483647;
			files = (
				7AE36C5429117BA300F6F989 /* Preview Assets.xcassets in Resources */,
				7AE36C5129117BA300F6F989 /* Assets.xcassets in Resources */,
				7AE36C7E2911806400F6F989 /* GoogleService-Info.plist in Resources */,
			);
			runOnlyForDeploymentPostprocessing = 0;
		};
		7AE36C5729117BA300F6F989 /* Resources */ = {
			isa = PBXResourcesBuildPhase;
			buildActionMask = 2147483647;
			files = (
				7AE36C7F2911806400F6F989 /* GoogleService-Info.plist in Resources */,
			);
			runOnlyForDeploymentPostprocessing = 0;
		};
		7AE36C6129117BA300F6F989 /* Resources */ = {
			isa = PBXResourcesBuildPhase;
			buildActionMask = 2147483647;
			files = (
				7AE36C802911806400F6F989 /* GoogleService-Info.plist in Resources */,
			);
			runOnlyForDeploymentPostprocessing = 0;
		};
/* End PBXResourcesBuildPhase section */

/* Begin PBXSourcesBuildPhase section */
		7AE36C4529117BA200F6F989 /* Sources */ = {
			isa = PBXSourcesBuildPhase;
			buildActionMask = 2147483647;
			files = (
				7ADF8E9429131986002BDAE7 /* Post.swift in Sources */,
				7A51EE3429131DF90004B16A /* PostRow.swift in Sources */,
				7A51EE392913338A0004B16A /* HighlightablePost.swift in Sources */,
				7AE36C4D29117BA200F6F989 /* SocialcademyApp.swift in Sources */,
				7A51EE3D291C5F980004B16A /* PostsViewModel.swift in Sources */,
				7A51EE3629132CB30004B16A /* HighlightedPostRow.swift in Sources */,
				7A51EE40291DB3E00004B16A /* PostsRepository.swift in Sources */,
				7ADF8E9629131AAB002BDAE7 /* PostsList.swift in Sources */,
				7A51EE3B2919A4A70004B16A /* NewPostForm.swift in Sources */,
			);
			runOnlyForDeploymentPostprocessing = 0;
		};
		7AE36C5529117BA300F6F989 /* Sources */ = {
			isa = PBXSourcesBuildPhase;
			buildActionMask = 2147483647;
			files = (
				7AE36C5E29117BA300F6F989 /* SocialcademyTests.swift in Sources */,
			);
			runOnlyForDeploymentPostprocessing = 0;
		};
		7AE36C5F29117BA300F6F989 /* Sources */ = {
			isa = PBXSourcesBuildPhase;
			buildActionMask = 2147483647;
			files = (
				7AE36C6A29117BA300F6F989 /* SocialcademyUITestsLaunchTests.swift in Sources */,
				7AE36C6829117BA300F6F989 /* SocialcademyUITests.swift in Sources */,
			);
			runOnlyForDeploymentPostprocessing = 0;
		};
/* End PBXSourcesBuildPhase section */

/* Begin PBXTargetDependency section */
		7AE36C5B29117BA300F6F989 /* PBXTargetDependency */ = {
			isa = PBXTargetDependency;
			target = 7AE36C4829117BA200F6F989 /* Socialcademy */;
			targetProxy = 7AE36C5A29117BA300F6F989 /* PBXContainerItemProxy */;
		};
		7AE36C6529117BA300F6F989 /* PBXTargetDependency */ = {
			isa = PBXTargetDependency;
			target = 7AE36C4829117BA200F6F989 /* Socialcademy */;
			targetProxy = 7AE36C6429117BA300F6F989 /* PBXContainerItemProxy */;
		};
/* End PBXTargetDependency section */

/* Begin XCBuildConfiguration section */
		7AE36C6B29117BA300F6F989 /* Debug */ = {
			isa = XCBuildConfiguration;
			buildSettings = {
				ALWAYS_SEARCH_USER_PATHS = NO;
				CLANG_ANALYZER_NONNULL = YES;
				CLANG_ANALYZER_NUMBER_OBJECT_CONVERSION = YES_AGGRESSIVE;
				CLANG_CXX_LANGUAGE_STANDARD = "gnu++20";
				CLANG_ENABLE_MODULES = YES;
				CLANG_ENABLE_OBJC_ARC = YES;
				CLANG_ENABLE_OBJC_WEAK = YES;
				CLANG_WARN_BLOCK_CAPTURE_AUTORELEASING = YES;
				CLANG_WARN_BOOL_CONVERSION = YES;
				CLANG_WARN_COMMA = YES;
				CLANG_WARN_CONSTANT_CONVERSION = YES;
				CLANG_WARN_DEPRECATED_OBJC_IMPLEMENTATIONS = YES;
				CLANG_WARN_DIRECT_OBJC_ISA_USAGE = YES_ERROR;
				CLANG_WARN_DOCUMENTATION_COMMENTS = YES;
				CLANG_WARN_EMPTY_BODY = YES;
				CLANG_WARN_ENUM_CONVERSION = YES;
				CLANG_WARN_INFINITE_RECURSION = YES;
				CLANG_WARN_INT_CONVERSION = YES;
				CLANG_WARN_NON_LITERAL_NULL_CONVERSION = YES;
				CLANG_WARN_OBJC_IMPLICIT_RETAIN_SELF = YES;
				CLANG_WARN_OBJC_LITERAL_CONVERSION = YES;
				CLANG_WARN_OBJC_ROOT_CLASS = YES_ERROR;
				CLANG_WARN_QUOTED_INCLUDE_IN_FRAMEWORK_HEADER = YES;
				CLANG_WARN_RANGE_LOOP_ANALYSIS = YES;
				CLANG_WARN_STRICT_PROTOTYPES = YES;
				CLANG_WARN_SUSPICIOUS_MOVE = YES;
				CLANG_WARN_UNGUARDED_AVAILABILITY = YES_AGGRESSIVE;
				CLANG_WARN_UNREACHABLE_CODE = YES;
				CLANG_WARN__DUPLICATE_METHOD_MATCH = YES;
				COPY_PHASE_STRIP = NO;
				DEBUG_INFORMATION_FORMAT = dwarf;
				ENABLE_STRICT_OBJC_MSGSEND = YES;
				ENABLE_TESTABILITY = YES;
				GCC_C_LANGUAGE_STANDARD = gnu11;
				GCC_DYNAMIC_NO_PIC = NO;
				GCC_NO_COMMON_BLOCKS = YES;
				GCC_OPTIMIZATION_LEVEL = 0;
				GCC_PREPROCESSOR_DEFINITIONS = (
					"DEBUG=1",
					"$(inherited)",
				);
				GCC_WARN_64_TO_32_BIT_CONVERSION = YES;
				GCC_WARN_ABOUT_RETURN_TYPE = YES_ERROR;
				GCC_WARN_UNDECLARED_SELECTOR = YES;
				GCC_WARN_UNINITIALIZED_AUTOS = YES_AGGRESSIVE;
				GCC_WARN_UNUSED_FUNCTION = YES;
				GCC_WARN_UNUSED_VARIABLE = YES;
				IPHONEOS_DEPLOYMENT_TARGET = 16.0;
				MTL_ENABLE_DEBUG_INFO = INCLUDE_SOURCE;
				MTL_FAST_MATH = YES;
				ONLY_ACTIVE_ARCH = YES;
				SDKROOT = iphoneos;
				SWIFT_ACTIVE_COMPILATION_CONDITIONS = DEBUG;
				SWIFT_OPTIMIZATION_LEVEL = "-Onone";
			};
			name = Debug;
		};
		7AE36C6C29117BA300F6F989 /* Release */ = {
			isa = XCBuildConfiguration;
			buildSettings = {
				ALWAYS_SEARCH_USER_PATHS = NO;
				CLANG_ANALYZER_NONNULL = YES;
				CLANG_ANALYZER_NUMBER_OBJECT_CONVERSION = YES_AGGRESSIVE;
				CLANG_CXX_LANGUAGE_STANDARD = "gnu++20";
				CLANG_ENABLE_MODULES = YES;
				CLANG_ENABLE_OBJC_ARC = YES;
				CLANG_ENABLE_OBJC_WEAK = YES;
				CLANG_WARN_BLOCK_CAPTURE_AUTORELEASING = YES;
				CLANG_WARN_BOOL_CONVERSION = YES;
				CLANG_WARN_COMMA = YES;
				CLANG_WARN_CONSTANT_CONVERSION = YES;
				CLANG_WARN_DEPRECATED_OBJC_IMPLEMENTATIONS = YES;
				CLANG_WARN_DIRECT_OBJC_ISA_USAGE = YES_ERROR;
				CLANG_WARN_DOCUMENTATION_COMMENTS = YES;
				CLANG_WARN_EMPTY_BODY = YES;
				CLANG_WARN_ENUM_CONVERSION = YES;
				CLANG_WARN_INFINITE_RECURSION = YES;
				CLANG_WARN_INT_CONVERSION = YES;
				CLANG_WARN_NON_LITERAL_NULL_CONVERSION = YES;
				CLANG_WARN_OBJC_IMPLICIT_RETAIN_SELF = YES;
				CLANG_WARN_OBJC_LITERAL_CONVERSION = YES;
				CLANG_WARN_OBJC_ROOT_CLASS = YES_ERROR;
				CLANG_WARN_QUOTED_INCLUDE_IN_FRAMEWORK_HEADER = YES;
				CLANG_WARN_RANGE_LOOP_ANALYSIS = YES;
				CLANG_WARN_STRICT_PROTOTYPES = YES;
				CLANG_WARN_SUSPICIOUS_MOVE = YES;
				CLANG_WARN_UNGUARDED_AVAILABILITY = YES_AGGRESSIVE;
				CLANG_WARN_UNREACHABLE_CODE = YES;
				CLANG_WARN__DUPLICATE_METHOD_MATCH = YES;
				COPY_PHASE_STRIP = NO;
				DEBUG_INFORMATION_FORMAT = "dwarf-with-dsym";
				ENABLE_NS_ASSERTIONS = NO;
				ENABLE_STRICT_OBJC_MSGSEND = YES;
				GCC_C_LANGUAGE_STANDARD = gnu11;
				GCC_NO_COMMON_BLOCKS = YES;
				GCC_WARN_64_TO_32_BIT_CONVERSION = YES;
				GCC_WARN_ABOUT_RETURN_TYPE = YES_ERROR;
				GCC_WARN_UNDECLARED_SELECTOR = YES;
				GCC_WARN_UNINITIALIZED_AUTOS = YES_AGGRESSIVE;
				GCC_WARN_UNUSED_FUNCTION = YES;
				GCC_WARN_UNUSED_VARIABLE = YES;
				IPHONEOS_DEPLOYMENT_TARGET = 16.0;
				MTL_ENABLE_DEBUG_INFO = NO;
				MTL_FAST_MATH = YES;
				SDKROOT = iphoneos;
				SWIFT_COMPILATION_MODE = wholemodule;
				SWIFT_OPTIMIZATION_LEVEL = "-O";
				VALIDATE_PRODUCT = YES;
			};
			name = Release;
		};
		7AE36C6E29117BA300F6F989 /* Debug */ = {
			isa = XCBuildConfiguration;
			buildSettings = {
				ASSETCATALOG_COMPILER_APPICON_NAME = AppIcon;
				ASSETCATALOG_COMPILER_GLOBAL_ACCENT_COLOR_NAME = AccentColor;
				CODE_SIGN_STYLE = Automatic;
				CURRENT_PROJECT_VERSION = 1;
				DEVELOPMENT_ASSET_PATHS = "\"Socialcademy/Resource/Preview Content\"";
				DEVELOPMENT_TEAM = 2DDP9BK6TP;
				ENABLE_PREVIEWS = YES;
				GENERATE_INFOPLIST_FILE = YES;
				INFOPLIST_KEY_UIApplicationSceneManifest_Generation = YES;
				INFOPLIST_KEY_UIApplicationSupportsIndirectInputEvents = YES;
				INFOPLIST_KEY_UILaunchScreen_Generation = YES;
				INFOPLIST_KEY_UISupportedInterfaceOrientations_iPad = "UIInterfaceOrientationPortrait UIInterfaceOrientationPortraitUpsideDown UIInterfaceOrientationLandscapeLeft UIInterfaceOrientationLandscapeRight";
				INFOPLIST_KEY_UISupportedInterfaceOrientations_iPhone = "UIInterfaceOrientationPortrait UIInterfaceOrientationLandscapeLeft UIInterfaceOrientationLandscapeRight";
				LD_RUNPATH_SEARCH_PATHS = (
					"$(inherited)",
					"@executable_path/Frameworks",
				);
				MARKETING_VERSION = 1.0;
				PRODUCT_BUNDLE_IDENTIFIER = "Robert-Bates.Socialcademy";
				PRODUCT_NAME = "$(TARGET_NAME)";
				SWIFT_EMIT_LOC_STRINGS = YES;
				SWIFT_VERSION = 5.0;
				TARGETED_DEVICE_FAMILY = "1,2";
			};
			name = Debug;
		};
		7AE36C6F29117BA300F6F989 /* Release */ = {
			isa = XCBuildConfiguration;
			buildSettings = {
				ASSETCATALOG_COMPILER_APPICON_NAME = AppIcon;
				ASSETCATALOG_COMPILER_GLOBAL_ACCENT_COLOR_NAME = AccentColor;
				CODE_SIGN_STYLE = Automatic;
				CURRENT_PROJECT_VERSION = 1;
				DEVELOPMENT_ASSET_PATHS = "\"Socialcademy/Resource/Preview Content\"";
				DEVELOPMENT_TEAM = 2DDP9BK6TP;
				ENABLE_PREVIEWS = YES;
				GENERATE_INFOPLIST_FILE = YES;
				INFOPLIST_KEY_UIApplicationSceneManifest_Generation = YES;
				INFOPLIST_KEY_UIApplicationSupportsIndirectInputEvents = YES;
				INFOPLIST_KEY_UILaunchScreen_Generation = YES;
				INFOPLIST_KEY_UISupportedInterfaceOrientations_iPad = "UIInterfaceOrientationPortrait UIInterfaceOrientationPortraitUpsideDown UIInterfaceOrientationLandscapeLeft UIInterfaceOrientationLandscapeRight";
				INFOPLIST_KEY_UISupportedInterfaceOrientations_iPhone = "UIInterfaceOrientationPortrait UIInterfaceOrientationLandscapeLeft UIInterfaceOrientationLandscapeRight";
				LD_RUNPATH_SEARCH_PATHS = (
					"$(inherited)",
					"@executable_path/Frameworks",
				);
				MARKETING_VERSION = 1.0;
				PRODUCT_BUNDLE_IDENTIFIER = "Robert-Bates.Socialcademy";
				PRODUCT_NAME = "$(TARGET_NAME)";
				SWIFT_EMIT_LOC_STRINGS = YES;
				SWIFT_VERSION = 5.0;
				TARGETED_DEVICE_FAMILY = "1,2";
			};
			name = Release;
		};
		7AE36C7129117BA300F6F989 /* Debug */ = {
			isa = XCBuildConfiguration;
			buildSettings = {
				ALWAYS_EMBED_SWIFT_STANDARD_LIBRARIES = YES;
				BUNDLE_LOADER = "$(TEST_HOST)";
				CODE_SIGN_STYLE = Automatic;
				CURRENT_PROJECT_VERSION = 1;
				DEVELOPMENT_TEAM = 2DDP9BK6TP;
				GENERATE_INFOPLIST_FILE = YES;
				IPHONEOS_DEPLOYMENT_TARGET = 16.0;
				MARKETING_VERSION = 1.0;
				PRODUCT_BUNDLE_IDENTIFIER = "Robert-Bates.SocialcademyTests";
				PRODUCT_NAME = "$(TARGET_NAME)";
				SWIFT_EMIT_LOC_STRINGS = NO;
				SWIFT_VERSION = 5.0;
				TARGETED_DEVICE_FAMILY = "1,2";
				TEST_HOST = "$(BUILT_PRODUCTS_DIR)/Socialcademy.app/$(BUNDLE_EXECUTABLE_FOLDER_PATH)/Socialcademy";
			};
			name = Debug;
		};
		7AE36C7229117BA300F6F989 /* Release */ = {
			isa = XCBuildConfiguration;
			buildSettings = {
				ALWAYS_EMBED_SWIFT_STANDARD_LIBRARIES = YES;
				BUNDLE_LOADER = "$(TEST_HOST)";
				CODE_SIGN_STYLE = Automatic;
				CURRENT_PROJECT_VERSION = 1;
				DEVELOPMENT_TEAM = 2DDP9BK6TP;
				GENERATE_INFOPLIST_FILE = YES;
				IPHONEOS_DEPLOYMENT_TARGET = 16.0;
				MARKETING_VERSION = 1.0;
				PRODUCT_BUNDLE_IDENTIFIER = "Robert-Bates.SocialcademyTests";
				PRODUCT_NAME = "$(TARGET_NAME)";
				SWIFT_EMIT_LOC_STRINGS = NO;
				SWIFT_VERSION = 5.0;
				TARGETED_DEVICE_FAMILY = "1,2";
				TEST_HOST = "$(BUILT_PRODUCTS_DIR)/Socialcademy.app/$(BUNDLE_EXECUTABLE_FOLDER_PATH)/Socialcademy";
			};
			name = Release;
		};
		7AE36C7429117BA300F6F989 /* Debug */ = {
			isa = XCBuildConfiguration;
			buildSettings = {
				ALWAYS_EMBED_SWIFT_STANDARD_LIBRARIES = YES;
				CODE_SIGN_STYLE = Automatic;
				CURRENT_PROJECT_VERSION = 1;
				DEVELOPMENT_TEAM = 2DDP9BK6TP;
				GENERATE_INFOPLIST_FILE = YES;
				MARKETING_VERSION = 1.0;
				PRODUCT_BUNDLE_IDENTIFIER = "Robert-Bates.SocialcademyUITests";
				PRODUCT_NAME = "$(TARGET_NAME)";
				SWIFT_EMIT_LOC_STRINGS = NO;
				SWIFT_VERSION = 5.0;
				TARGETED_DEVICE_FAMILY = "1,2";
				TEST_TARGET_NAME = Socialcademy;
			};
			name = Debug;
		};
		7AE36C7529117BA300F6F989 /* Release */ = {
			isa = XCBuildConfiguration;
			buildSettings = {
				ALWAYS_EMBED_SWIFT_STANDARD_LIBRARIES = YES;
				CODE_SIGN_STYLE = Automatic;
				CURRENT_PROJECT_VERSION = 1;
				DEVELOPMENT_TEAM = 2DDP9BK6TP;
				GENERATE_INFOPLIST_FILE = YES;
				MARKETING_VERSION = 1.0;
				PRODUCT_BUNDLE_IDENTIFIER = "Robert-Bates.SocialcademyUITests";
				PRODUCT_NAME = "$(TARGET_NAME)";
				SWIFT_EMIT_LOC_STRINGS = NO;
				SWIFT_VERSION = 5.0;
				TARGETED_DEVICE_FAMILY = "1,2";
				TEST_TARGET_NAME = Socialcademy;
			};
			name = Release;
		};
/* End XCBuildConfiguration section */

/* Begin XCConfigurationList section */
		7AE36C4429117BA200F6F989 /* Build configuration list for PBXProject "Socialcademy" */ = {
			isa = XCConfigurationList;
			buildConfigurations = (
				7AE36C6B29117BA300F6F989 /* Debug */,
				7AE36C6C29117BA300F6F989 /* Release */,
			);
			defaultConfigurationIsVisible = 0;
			defaultConfigurationName = Release;
		};
		7AE36C6D29117BA300F6F989 /* Build configuration list for PBXNativeTarget "Socialcademy" */ = {
			isa = XCConfigurationList;
			buildConfigurations = (
				7AE36C6E29117BA300F6F989 /* Debug */,
				7AE36C6F29117BA300F6F989 /* Release */,
			);
			defaultConfigurationIsVisible = 0;
			defaultConfigurationName = Release;
		};
		7AE36C7029117BA300F6F989 /* Build configuration list for PBXNativeTarget "SocialcademyTests" */ = {
			isa = XCConfigurationList;
			buildConfigurations = (
				7AE36C7129117BA300F6F989 /* Debug */,
				7AE36C7229117BA300F6F989 /* Release */,
			);
			defaultConfigurationIsVisible = 0;
			defaultConfigurationName = Release;
		};
		7AE36C7329117BA300F6F989 /* Build configuration list for PBXNativeTarget "SocialcademyUITests" */ = {
			isa = XCConfigurationList;
			buildConfigurations = (
				7AE36C7429117BA300F6F989 /* Debug */,
				7AE36C7529117BA300F6F989 /* Release */,
			);
			defaultConfigurationIsVisible = 0;
			defaultConfigurationName = Release;
		};
/* End XCConfigurationList section */

/* Begin XCRemoteSwiftPackageReference section */
		7AE36C7629117D2400F6F989 /* XCRemoteSwiftPackageReference "firebase-ios-sdk" */ = {
			isa = XCRemoteSwiftPackageReference;
			repositoryURL = "https://github.com/firebase/firebase-ios-sdk.git";
			requirement = {
				kind = upToNextMajorVersion;
				minimumVersion = 9.0.0;
			};
		};
/* End XCRemoteSwiftPackageReference section */

/* Begin XCSwiftPackageProductDependency section */
		7AE36C7729117D2400F6F989 /* FirebaseAnalytics */ = {
			isa = XCSwiftPackageProductDependency;
			package = 7AE36C7629117D2400F6F989 /* XCRemoteSwiftPackageReference "firebase-ios-sdk" */;
			productName = FirebaseAnalytics;
		};
		7AE36C7929117D2400F6F989 /* FirebaseFirestore */ = {
			isa = XCSwiftPackageProductDependency;
			package = 7AE36C7629117D2400F6F989 /* XCRemoteSwiftPackageReference "firebase-ios-sdk" */;
			productName = FirebaseFirestore;
		};
		7AE36C7B29117D2400F6F989 /* FirebaseFirestoreSwift */ = {
			isa = XCSwiftPackageProductDependency;
			package = 7AE36C7629117D2400F6F989 /* XCRemoteSwiftPackageReference "firebase-ios-sdk" */;
			productName = FirebaseFirestoreSwift;
		};
/* End XCSwiftPackageProductDependency section */
	};
	rootObject = 7AE36C4129117BA200F6F989 /* Project object */;
}
